
Microsoft Visual Studio Solution File, Format Version 12.00
# Visual Studio Version 16
VisualStudioVersion = 16.0.31129.286
MinimumVisualStudioVersion = 10.0.40219.1
Project("{2150E333-8FDC-42A3-9474-1A3956D46DE8}") = "Back-End", "Back-End", "{2902A7D9-2EBA-466E-8B4D-36570971DE98}"
EndProject
Project("{2150E333-8FDC-42A3-9474-1A3956D46DE8}") = "Front-End", "Front-End", "{F6CE9CC7-68F4-4BD9-91AC-2A5843079425}"
EndProject
Project("{FAE04EC0-301F-11D3-BF4B-00C04F79EFBC}") = "Sas.Restaurant.Entites", "Sas.Restaurant.Entites\Sas.Restaurant.Entites.csproj", "{B187D76F-D2CB-4EA9-AD34-81EA9B8C9B8E}"
EndProject
Project("{FAE04EC0-301F-11D3-BF4B-00C04F79EFBC}") = "Sas.Restaurant.DataAccess", "Sas.Restaurant.DataAccess\Sas.Restaurant.DataAccess.csproj", "{729E6F3E-A987-40DB-B197-CC3848442B52}"
	ProjectSection(ProjectDependencies) = postProject
		{453147B2-087D-40A5-A4DD-9FD0042224F4} = {453147B2-087D-40A5-A4DD-9FD0042224F4}
	EndProjectSection
EndProject
Project("{FAE04EC0-301F-11D3-BF4B-00C04F79EFBC}") = "Sas.Restaurant.Business", "Sas.Restaurant.Business\Sas.Restaurant.Business.csproj", "{24381F4B-C6F0-4F70-A912-422E4C8C09F2}"
EndProject
Project("{FAE04EC0-301F-11D3-BF4B-00C04F79EFBC}") = "Sas.Restaurant.Core", "Sas.Reustrant.Core\Sas.Restaurant.Core.csproj", "{453147B2-087D-40A5-A4DD-9FD0042224F4}"
EndProject
Project("{FAE04EC0-301F-11D3-BF4B-00C04F79EFBC}") = "Sas.Restaurant.UI.BackOffice", "Sas.Restaurant.UI.BackOffice\Sas.Restaurant.UI.BackOffice.csproj", "{51B91B67-D8F1-4BDC-AF3B-64CBCDEF7478}"
EndProject
Project("{FAE04EC0-301F-11D3-BF4B-00C04F79EFBC}") = "Sas.Restaurant.UserControls", "Sas.Restaurant.UserControls\Sas.Restaurant.UserControls.csproj", "{D90046B7-C2EB-4A6B-9A70-30B3BDCAF056}"
EndProject
Project("{FAE04EC0-301F-11D3-BF4B-00C04F79EFBC}") = "Sas.Restaurant.UI.FrontOffice", "Sas.Restaurant.UI.FrontOffice\Sas.Restaurant.UI.FrontOffice.csproj", "{88736260-7C0F-4E0E-9BA8-48697DCD8E74}"
EndProject
Project("{FAE04EC0-301F-11D3-BF4B-00C04F79EFBC}") = "Sas.Restaurant.Mutfak", "Sas.Restaurant.Mutfak\Sas.Restaurant.Mutfak.csproj", "{CA5953E6-02C8-4F3B-9829-666CB80C1DA2}"
EndProject
Project("{FAE04EC0-301F-11D3-BF4B-00C04F79EFBC}") = "Sas.Restaurant.Components", "Sas.Restaurant.Components\Sas.Restaurant.Components.csproj", "{B34B4708-A1D2-4A89-8D0B-D8FD641F0A9A}"
EndProject
Global
	GlobalSection(SolutionConfigurationPlatforms) = preSolution
		Debug|Any CPU = Debug|Any CPU
		Release|Any CPU = Release|Any CPU
	EndGlobalSection
	GlobalSection(ProjectConfigurationPlatforms) = postSolution
		{B187D76F-D2CB-4EA9-AD34-81EA9B8C9B8E}.Debug|Any CPU.ActiveCfg = Debug|Any CPU
		{B187D76F-D2CB-4EA9-AD34-81EA9B8C9B8E}.Debug|Any CPU.Build.0 = Debug|Any CPU
		{B187D76F-D2CB-4EA9-AD34-81EA9B8C9B8E}.Release|Any CPU.ActiveCfg = Release|Any CPU
		{B187D76F-D2CB-4EA9-AD34-81EA9B8C9B8E}.Release|Any CPU.Build.0 = Release|Any CPU
		{729E6F3E-A987-40DB-B197-CC3848442B52}.Debug|Any CPU.ActiveCfg = Debug|Any CPU
		{729E6F3E-A987-40DB-B197-CC3848442B52}.Debug|Any CPU.Build.0 = Debug|Any CPU
		{729E6F3E-A987-40DB-B197-CC3848442B52}.Release|Any CPU.ActiveCfg = Release|Any CPU
		{729E6F3E-A987-40DB-B197-CC3848442B52}.Release|Any CPU.Build.0 = Release|Any CPU
		{24381F4B-C6F0-4F70-A912-422E4C8C09F2}.Debug|Any CPU.ActiveCfg = Debug|Any CPU
		{24381F4B-C6F0-4F70-A912-422E4C8C09F2}.Debug|Any CPU.Build.0 = Debug|Any CPU
		{24381F4B-C6F0-4F70-A912-422E4C8C09F2}.Release|Any CPU.ActiveCfg = Release|Any CPU
		{24381F4B-C6F0-4F70-A912-422E4C8C09F2}.Release|Any CPU.Build.0 = Release|Any CPU
		{453147B2-087D-40A5-A4DD-9FD0042224F4}.Debug|Any CPU.ActiveCfg = Debug|Any CPU
		{453147B2-087D-40A5-A4DD-9FD0042224F4}.Debug|Any CPU.Build.0 = Debug|Any CPU
		{453147B2-087D-40A5-A4DD-9FD0042224F4}.Release|Any CPU.ActiveCfg = Release|Any CPU
		{453147B2-087D-40A5-A4DD-9FD0042224F4}.Release|Any CPU.Build.0 = Release|Any CPU
		{51B91B67-D8F1-4BDC-AF3B-64CBCDEF7478}.Debug|Any CPU.ActiveCfg = Debug|Any CPU
		{51B91B67-D8F1-4BDC-AF3B-64CBCDEF7478}.Debug|Any CPU.Build.0 = Debug|Any CPU
		{51B91B67-D8F1-4BDC-AF3B-64CBCDEF7478}.Release|Any CPU.ActiveCfg = Release|Any CPU
		{51B91B67-D8F1-4BDC-AF3B-64CBCDEF7478}.Release|Any CPU.Build.0 = Release|Any CPU
		{D90046B7-C2EB-4A6B-9A70-30B3BDCAF056}.Debug|Any CPU.ActiveCfg = Debug|Any CPU
		{D90046B7-C2EB-4A6B-9A70-30B3BDCAF056}.Debug|Any CPU.Build.0 = Debug|Any CPU
		{D90046B7-C2EB-4A6B-9A70-30B3BDCAF056}.Release|Any CPU.ActiveCfg = Release|Any CPU
		{D90046B7-C2EB-4A6B-9A70-30B3BDCAF056}.Release|Any CPU.Build.0 = Release|Any CPU
		{88736260-7C0F-4E0E-9BA8-48697DCD8E74}.Debug|Any CPU.ActiveCfg = Debug|Any CPU
		{88736260-7C0F-4E0E-9BA8-48697DCD8E74}.Debug|Any CPU.Build.0 = Debug|Any CPU
		{88736260-7C0F-4E0E-9BA8-48697DCD8E74}.Release|Any CPU.ActiveCfg = Release|Any CPU
		{88736260-7C0F-4E0E-9BA8-48697DCD8E74}.Release|Any CPU.Build.0 = Release|Any CPU
		{CA5953E6-02C8-4F3B-9829-666CB80C1DA2}.Debug|Any CPU.ActiveCfg = Debug|Any CPU
		{CA5953E6-02C8-4F3B-9829-666CB80C1DA2}.Debug|Any CPU.Build.0 = Debug|Any CPU
		{CA5953E6-02C8-4F3B-9829-666CB80C1DA2}.Release|Any CPU.ActiveCfg = Release|Any CPU
		{CA5953E6-02C8-4F3B-9829-666CB80C1DA2}.Release|Any CPU.Build.0 = Release|Any CPU
		{B34B4708-A1D2-4A89-8D0B-D8FD641F0A9A}.Debug|Any CPU.ActiveCfg = Debug|Any CPU
		{B34B4708-A1D2-4A89-8D0B-D8FD641F0A9A}.Debug|Any CPU.Build.0 = Debug|Any CPU
		{B34B4708-A1D2-4A89-8D0B-D8FD641F0A9A}.Release|Any CPU.ActiveCfg = Release|Any CPU
		{B34B4708-A1D2-4A89-8D0B-D8FD641F0A9A}.Release|Any CPU.Build.0 = Release|Any CPU
	EndGlobalSection
	GlobalSection(SolutionProperties) = preSolution
		HideSolutionNode = FALSE
	EndGlobalSection
	GlobalSection(NestedProjects) = preSolution
		{B187D76F-D2CB-4EA9-AD34-81EA9B8C9B8E} = {2902A7D9-2EBA-466E-8B4D-36570971DE98}
		{729E6F3E-A987-40DB-B197-CC3848442B52} = {2902A7D9-2EBA-466E-8B4D-36570971DE98}
		{24381F4B-C6F0-4F70-A912-422E4C8C09F2} = {2902A7D9-2EBA-466E-8B4D-36570971DE98}
		{453147B2-087D-40A5-A4DD-9FD0042224F4} = {2902A7D9-2EBA-466E-8B4D-36570971DE98}
		{51B91B67-D8F1-4BDC-AF3B-64CBCDEF7478} = {F6CE9CC7-68F4-4BD9-91AC-2A5843079425}
		{D90046B7-C2EB-4A6B-9A70-30B3BDCAF056} = {F6CE9CC7-68F4-4BD9-91AC-2A5843079425}
		{88736260-7C0F-4E0E-9BA8-48697DCD8E74} = {F6CE9CC7-68F4-4BD9-91AC-2A5843079425}
		{CA5953E6-02C8-4F3B-9829-666CB80C1DA2} = {F6CE9CC7-68F4-4BD9-91AC-2A5843079425}
		{B34B4708-A1D2-4A89-8D0B-D8FD641F0A9A} = {F6CE9CC7-68F4-4BD9-91AC-2A5843079425}
	EndGlobalSection
	GlobalSection(ExtensibilityGlobals) = postSolution
		SolutionGuid = {58784C35-56AF-487A-BCA9-F729BA7F4D37}
	EndGlobalSection
EndGlobal
